
Microsoft Visual Studio Solution File, Format Version 12.00
# Visual Studio Version 16
VisualStudioVersion = 16.0.28922.388
MinimumVisualStudioVersion = 10.0.40219.1
Project("{FAE04EC0-301F-11D3-BF4B-00C04F79EFBC}") = "AnimalShelter", "AnimalShelter.csproj", "{0B2D4B61-5139-45CF-A497-4FF4ABEE6CA0}"
EndProject
Global
	GlobalSection(SolutionConfigurationPlatforms) = preSolution
		Debug|Any CPU = Debug|Any CPU
		Release|Any CPU = Release|Any CPU
	EndGlobalSection
	GlobalSection(ProjectConfigurationPlatforms) = postSolution
		{0B2D4B61-5139-45CF-A497-4FF4ABEE6CA0}.Debug|Any CPU.ActiveCfg = Debug|Any CPU
		{0B2D4B61-5139-45CF-A497-4FF4ABEE6CA0}.Debug|Any CPU.Build.0 = Debug|Any CPU
		{0B2D4B61-5139-45CF-A497-4FF4ABEE6CA0}.Release|Any CPU.ActiveCfg = Release|Any CPU
		{0B2D4B61-5139-45CF-A497-4FF4ABEE6CA0}.Release|Any CPU.Build.0 = Release|Any CPU
	EndGlobalSection
	GlobalSection(SolutionProperties) = preSolution
		HideSolutionNode = FALSE
	EndGlobalSection
	GlobalSection(ExtensibilityGlobals) = postSolution
		SolutionGuid = {03ED3988-8705-4234-8F0B-99B583BB59D2}
	EndGlobalSection
EndGlobal
