
Microsoft Visual Studio Solution File, Format Version 12.00
# Visual Studio Version 16
VisualStudioVersion = 16.0.29418.71
MinimumVisualStudioVersion = 10.0.40219.1
Project("{FAE04EC0-301F-11D3-BF4B-00C04F79EFBC}") = "AnimalShelter", "AnimalShelter.csproj", "{AE2AC065-44B3-4177-B8B8-46A0A4FCEBBE}"
EndProject
Global
	GlobalSection(SolutionConfigurationPlatforms) = preSolution
		Debug|x86 = Debug|x86
	EndGlobalSection
	GlobalSection(ProjectConfigurationPlatforms) = postSolution
		{AE2AC065-44B3-4177-B8B8-46A0A4FCEBBE}.Debug|x86.ActiveCfg = Debug|x86
		{AE2AC065-44B3-4177-B8B8-46A0A4FCEBBE}.Debug|x86.Build.0 = Debug|x86
	EndGlobalSection
	GlobalSection(SolutionProperties) = preSolution
		HideSolutionNode = FALSE
	EndGlobalSection
	GlobalSection(ExtensibilityGlobals) = postSolution
		SolutionGuid = {9318A2EE-A303-4150-880D-4F44DBC7A128}
	EndGlobalSection
EndGlobal
