
Microsoft Visual Studio Solution File, Format Version 12.00
# Visual Studio Version 16
VisualStudioVersion = 16.0.28922.388
MinimumVisualStudioVersion = 10.0.40219.1
Project("{FAE04EC0-301F-11D3-BF4B-00C04F79EFBC}") = "Builder", "Builder\Builder.csproj", "{231CA2EC-A4DC-4C9E-87F3-E7D22BBE0343}"
EndProject
Project("{FAE04EC0-301F-11D3-BF4B-00C04F79EFBC}") = "CharacterBuilderTests", "CharacterBuilderTests\CharacterBuilderTests.csproj", "{A6D5266E-5CFB-4AE4-889B-275B9AEAE8EC}"
EndProject
Global
	GlobalSection(SolutionConfigurationPlatforms) = preSolution
		Debug|Any CPU = Debug|Any CPU
		Release|Any CPU = Release|Any CPU
	EndGlobalSection
	GlobalSection(ProjectConfigurationPlatforms) = postSolution
		{231CA2EC-A4DC-4C9E-87F3-E7D22BBE0343}.Debug|Any CPU.ActiveCfg = Debug|Any CPU
		{231CA2EC-A4DC-4C9E-87F3-E7D22BBE0343}.Debug|Any CPU.Build.0 = Debug|Any CPU
		{231CA2EC-A4DC-4C9E-87F3-E7D22BBE0343}.Release|Any CPU.ActiveCfg = Release|Any CPU
		{231CA2EC-A4DC-4C9E-87F3-E7D22BBE0343}.Release|Any CPU.Build.0 = Release|Any CPU
		{A6D5266E-5CFB-4AE4-889B-275B9AEAE8EC}.Debug|Any CPU.ActiveCfg = Debug|Any CPU
		{A6D5266E-5CFB-4AE4-889B-275B9AEAE8EC}.Debug|Any CPU.Build.0 = Debug|Any CPU
		{A6D5266E-5CFB-4AE4-889B-275B9AEAE8EC}.Release|Any CPU.ActiveCfg = Release|Any CPU
		{A6D5266E-5CFB-4AE4-889B-275B9AEAE8EC}.Release|Any CPU.Build.0 = Release|Any CPU
	EndGlobalSection
	GlobalSection(SolutionProperties) = preSolution
		HideSolutionNode = FALSE
	EndGlobalSection
	GlobalSection(ExtensibilityGlobals) = postSolution
		SolutionGuid = {03ED3988-8705-4234-8F0B-99B583BB59D2}
	EndGlobalSection
EndGlobal
